PODS:
  - Nimble (8.0.9)
  - PercentageKit (0.1.0)
  - Quick (2.2.1)

DEPENDENCIES:
  - Nimble (~> 8.0.7)
  - PercentageKit (from `../`)
  - Quick (~> 2.2.0)

SPEC REPOS:
  trunk:
    - Nimble
    - Quick

EXTERNAL SOURCES:
  PercentageKit:
    :path: "../"

SPEC CHECKSUMS:
  Nimble: 98b888285a615fd34f20e61753cf58ea1402bde4
  PercentageKit: de6527ed8d33864c1bb6347d078cd070a8a10aca
  Quick: f5754d69b7013f5864c29aab9ae6f0c79c5bc200

PODFILE CHECKSUM: 610ceed6f0d4d5cc22fb97a2ddb4f20f7018b7b6

COCOAPODS: 1.10.1
